
Microsoft Visual Studio Solution File, Format Version 12.00
# Visual Studio Version 17
VisualStudioVersion = 17.5.002.0
MinimumVisualStudioVersion = 10.0.40219.1
Project("{9A19103F-16F7-4668-BE54-9A1E7A4F7556}") = "MvcMovie", "MvcMovie.csproj", "{8DBA81B8-943B-479B-A810-2CDD9AD6ECEE}"
EndProject
Global
	GlobalSection(SolutionConfigurationPlatforms) = preSolution
		Debug|Any CPU = Debug|Any CPU
		Release|Any CPU = Release|Any CPU
	EndGlobalSection
	GlobalSection(ProjectConfigurationPlatforms) = postSolution
		{8DBA81B8-943B-479B-A810-2CDD9AD6ECEE}.Debug|Any CPU.ActiveCfg = Debug|Any CPU
		{8DBA81B8-943B-479B-A810-2CDD9AD6ECEE}.Debug|Any CPU.Build.0 = Debug|Any CPU
		{8DBA81B8-943B-479B-A810-2CDD9AD6ECEE}.Release|Any CPU.ActiveCfg = Release|Any CPU
		{8DBA81B8-943B-479B-A810-2CDD9AD6ECEE}.Release|Any CPU.Build.0 = Release|Any CPU
	EndGlobalSection
	GlobalSection(SolutionProperties) = preSolution
		HideSolutionNode = FALSE
	EndGlobalSection
	GlobalSection(ExtensibilityGlobals) = postSolution
		SolutionGuid = {2F040F52-3056-4A8D-BB3C-F0515400B1A8}
	EndGlobalSection
EndGlobal
